
Microsoft Visual Studio Solution File, Format Version 12.00
# Visual Studio Version 16
VisualStudioVersion = 16.0.30114.105
MinimumVisualStudioVersion = 10.0.40219.1
Project("{FAE04EC0-301F-11D3-BF4B-00C04F79EFBC}") = "StudyingPractice_1", "StudyingPractice_1.csproj", "{880F16E2-DF43-4357-A6F8-C94ABE0AC0B8}"
EndProject
Global
	GlobalSection(SolutionConfigurationPlatforms) = preSolution
		Debug|Any CPU = Debug|Any CPU
		Release|Any CPU = Release|Any CPU
	EndGlobalSection
	GlobalSection(ProjectConfigurationPlatforms) = postSolution
		{880F16E2-DF43-4357-A6F8-C94ABE0AC0B8}.Debug|Any CPU.ActiveCfg = Debug|Any CPU
		{880F16E2-DF43-4357-A6F8-C94ABE0AC0B8}.Debug|Any CPU.Build.0 = Debug|Any CPU
		{880F16E2-DF43-4357-A6F8-C94ABE0AC0B8}.Release|Any CPU.ActiveCfg = Release|Any CPU
		{880F16E2-DF43-4357-A6F8-C94ABE0AC0B8}.Release|Any CPU.Build.0 = Release|Any CPU
	EndGlobalSection
	GlobalSection(SolutionProperties) = preSolution
		HideSolutionNode = FALSE
	EndGlobalSection
	GlobalSection(ExtensibilityGlobals) = postSolution
		SolutionGuid = {E807AC7D-4590-495E-95CB-E9F40B6D966B}
	EndGlobalSection
EndGlobal
